
Microsoft Visual Studio Solution File, Format Version 12.00
# Visual Studio Version 16
VisualStudioVersion = 16.0.30114.105
MinimumVisualStudioVersion = 10.0.40219.1
Project("{2150E333-8FDC-42A3-9474-1A3956D46DE8}") = "Services", "Services", "{7B8AED2F-0978-44C5-848D-D2438AC84D94}"
EndProject
Project("{2150E333-8FDC-42A3-9474-1A3956D46DE8}") = "Catalog", "Catalog", "{C8AD15F8-5633-4C8B-AACC-E77025855BA6}"
EndProject
Project("{FAE04EC0-301F-11D3-BF4B-00C04F79EFBC}") = "Catalog.API", "Services\Catalog\Catalog.API\Catalog.API.csproj", "{697C4359-90CA-489D-A2DE-795E06192D46}"
EndProject
Project("{E53339B2-1760-4266-BCC7-CA923CBCF16C}") = "docker-compose", "docker-compose.dcproj", "{8DFFFC16-06FE-420B-BBF5-DC1C21A48AAB}"
EndProject
Project("{2150E333-8FDC-42A3-9474-1A3956D46DE8}") = "Basket", "Basket", "{FE39838E-3592-483A-A2D5-B443BEDCEC13}"
EndProject
Project("{FAE04EC0-301F-11D3-BF4B-00C04F79EFBC}") = "Basket.API", "Services\Basket\Basket.API\Basket.API.csproj", "{87904343-59CA-4D05-B11C-E059021E40DA}"
EndProject
Project("{2150E333-8FDC-42A3-9474-1A3956D46DE8}") = "Discount", "Discount", "{0FBCAEB7-8BCB-4660-A1DE-8C95118A8DE2}"
EndProject
Project("{FAE04EC0-301F-11D3-BF4B-00C04F79EFBC}") = "Discount.API", "Services\Discount\Discount.API\Discount.API.csproj", "{65A5010F-6A01-4AC8-8381-5484ABAEEF51}"
EndProject
Global
	GlobalSection(SolutionConfigurationPlatforms) = preSolution
		Debug|Any CPU = Debug|Any CPU
		Release|Any CPU = Release|Any CPU
	EndGlobalSection
	GlobalSection(SolutionProperties) = preSolution
		HideSolutionNode = FALSE
	EndGlobalSection
	GlobalSection(ProjectConfigurationPlatforms) = postSolution
		{697C4359-90CA-489D-A2DE-795E06192D46}.Debug|Any CPU.ActiveCfg = Debug|Any CPU
		{697C4359-90CA-489D-A2DE-795E06192D46}.Debug|Any CPU.Build.0 = Debug|Any CPU
		{697C4359-90CA-489D-A2DE-795E06192D46}.Release|Any CPU.ActiveCfg = Release|Any CPU
		{697C4359-90CA-489D-A2DE-795E06192D46}.Release|Any CPU.Build.0 = Release|Any CPU
		{8DFFFC16-06FE-420B-BBF5-DC1C21A48AAB}.Debug|Any CPU.ActiveCfg = Debug|Any CPU
		{8DFFFC16-06FE-420B-BBF5-DC1C21A48AAB}.Debug|Any CPU.Build.0 = Debug|Any CPU
		{8DFFFC16-06FE-420B-BBF5-DC1C21A48AAB}.Release|Any CPU.ActiveCfg = Release|Any CPU
		{8DFFFC16-06FE-420B-BBF5-DC1C21A48AAB}.Release|Any CPU.Build.0 = Release|Any CPU
		{87904343-59CA-4D05-B11C-E059021E40DA}.Debug|Any CPU.ActiveCfg = Debug|Any CPU
		{87904343-59CA-4D05-B11C-E059021E40DA}.Debug|Any CPU.Build.0 = Debug|Any CPU
		{87904343-59CA-4D05-B11C-E059021E40DA}.Release|Any CPU.ActiveCfg = Release|Any CPU
		{87904343-59CA-4D05-B11C-E059021E40DA}.Release|Any CPU.Build.0 = Release|Any CPU
		{65A5010F-6A01-4AC8-8381-5484ABAEEF51}.Debug|Any CPU.ActiveCfg = Debug|Any CPU
		{65A5010F-6A01-4AC8-8381-5484ABAEEF51}.Debug|Any CPU.Build.0 = Debug|Any CPU
		{65A5010F-6A01-4AC8-8381-5484ABAEEF51}.Release|Any CPU.ActiveCfg = Release|Any CPU
		{65A5010F-6A01-4AC8-8381-5484ABAEEF51}.Release|Any CPU.Build.0 = Release|Any CPU
	EndGlobalSection
	GlobalSection(NestedProjects) = preSolution
		{C8AD15F8-5633-4C8B-AACC-E77025855BA6} = {7B8AED2F-0978-44C5-848D-D2438AC84D94}
		{697C4359-90CA-489D-A2DE-795E06192D46} = {C8AD15F8-5633-4C8B-AACC-E77025855BA6}
		{FE39838E-3592-483A-A2D5-B443BEDCEC13} = {7B8AED2F-0978-44C5-848D-D2438AC84D94}
		{87904343-59CA-4D05-B11C-E059021E40DA} = {FE39838E-3592-483A-A2D5-B443BEDCEC13}
		{0FBCAEB7-8BCB-4660-A1DE-8C95118A8DE2} = {7B8AED2F-0978-44C5-848D-D2438AC84D94}
		{65A5010F-6A01-4AC8-8381-5484ABAEEF51} = {0FBCAEB7-8BCB-4660-A1DE-8C95118A8DE2}
	EndGlobalSection
EndGlobal
